
Microsoft Visual Studio Solution File, Format Version 12.00
# Visual Studio Version 16
VisualStudioVersion = 16.0.30128.74
MinimumVisualStudioVersion = 10.0.40219.1
Project("{FAE04EC0-301F-11D3-BF4B-00C04F79EFBC}") = "DI.RegisterMultipleImplementations", "DI.RegisterMultipleImplementations\DI.RegisterMultipleImplementations.csproj", "{4081B11F-CCC5-4871-9614-D07AEC2549AD}"
EndProject
Global
	GlobalSection(SolutionConfigurationPlatforms) = preSolution
		Debug|Any CPU = Debug|Any CPU
		Release|Any CPU = Release|Any CPU
	EndGlobalSection
	GlobalSection(ProjectConfigurationPlatforms) = postSolution
		{4081B11F-CCC5-4871-9614-D07AEC2549AD}.Debug|Any CPU.ActiveCfg = Debug|Any CPU
		{4081B11F-CCC5-4871-9614-D07AEC2549AD}.Debug|Any CPU.Build.0 = Debug|Any CPU
		{4081B11F-CCC5-4871-9614-D07AEC2549AD}.Release|Any CPU.ActiveCfg = Release|Any CPU
		{4081B11F-CCC5-4871-9614-D07AEC2549AD}.Release|Any CPU.Build.0 = Release|Any CPU
	EndGlobalSection
	GlobalSection(SolutionProperties) = preSolution
		HideSolutionNode = FALSE
	EndGlobalSection
	GlobalSection(ExtensibilityGlobals) = postSolution
		SolutionGuid = {33707CD4-906C-429E-BDD7-290068874E21}
	EndGlobalSection
EndGlobal
