
Microsoft Visual Studio Solution File, Format Version 12.00
# Visual Studio Version 16
VisualStudioVersion = 16.0.30128.74
MinimumVisualStudioVersion = 10.0.40219.1
Project("{FAE04EC0-301F-11D3-BF4B-00C04F79EFBC}") = "DependencyInjection.04", "DependencyInjection.04\DependencyInjection.04.csproj", "{D57519C1-7F8E-4AE0-850A-DADE6B085C2B}"
EndProject
Global
	GlobalSection(SolutionConfigurationPlatforms) = preSolution
		Debug|Any CPU = Debug|Any CPU
		Release|Any CPU = Release|Any CPU
	EndGlobalSection
	GlobalSection(ProjectConfigurationPlatforms) = postSolution
		{D57519C1-7F8E-4AE0-850A-DADE6B085C2B}.Debug|Any CPU.ActiveCfg = Debug|Any CPU
		{D57519C1-7F8E-4AE0-850A-DADE6B085C2B}.Debug|Any CPU.Build.0 = Debug|Any CPU
		{D57519C1-7F8E-4AE0-850A-DADE6B085C2B}.Release|Any CPU.ActiveCfg = Release|Any CPU
		{D57519C1-7F8E-4AE0-850A-DADE6B085C2B}.Release|Any CPU.Build.0 = Release|Any CPU
	EndGlobalSection
	GlobalSection(SolutionProperties) = preSolution
		HideSolutionNode = FALSE
	EndGlobalSection
	GlobalSection(ExtensibilityGlobals) = postSolution
		SolutionGuid = {507A4B89-5163-406D-B705-C4676F995FCB}
	EndGlobalSection
EndGlobal
